// !$*UTF8*$!
{
	archiveVersion = 1;
	classes = {
	};
	objectVersion = 56;
	objects = {

/* Begin PBXBuildFile section */
		0E37102F2B577CC1000DC283 /* studysheshApp.swift in Sources */ = {isa = PBXBuildFile; fileRef = 0E37102E2B577CC1000DC283 /* studysheshApp.swift */; };
		0E3710312B577CC1000DC283 /* MainPage.swift in Sources */ = {isa = PBXBuildFile; fileRef = 0E3710302B577CC1000DC283 /* MainPage.swift */; };
		0E3710332B577CC2000DC283 /* Assets.xcassets in Resources */ = {isa = PBXBuildFile; fileRef = 0E3710322B577CC2000DC283 /* Assets.xcassets */; };
		0E3710362B577CC2000DC283 /* Preview Assets.xcassets in Resources */ = {isa = PBXBuildFile; fileRef = 0E3710352B577CC2000DC283 /* Preview Assets.xcassets */; };
		0E3710402B577CC2000DC283 /* studysheshTests.swift in Sources */ = {isa = PBXBuildFile; fileRef = 0E37103F2B577CC2000DC283 /* studysheshTests.swift */; };
		0E37104A2B577CC2000DC283 /* studysheshUITests.swift in Sources */ = {isa = PBXBuildFile; fileRef = 0E3710492B577CC2000DC283 /* studysheshUITests.swift */; };
		0E37104C2B577CC2000DC283 /* studysheshUITestsLaunchTests.swift in Sources */ = {isa = PBXBuildFile; fileRef = 0E37104B2B577CC2000DC283 /* studysheshUITestsLaunchTests.swift */; };
/* End PBXBuildFile section */

/* Begin PBXContainerItemProxy section */
		0E37103C2B577CC2000DC283 /* PBXContainerItemProxy */ = {
			isa = PBXContainerItemProxy;
			containerPortal = 0E3710232B577CC0000DC283 /* Project object */;
			proxyType = 1;
			remoteGlobalIDString = 0E37102A2B577CC1000DC283;
			remoteInfo = studyshesh;
		};
		0E3710462B577CC2000DC283 /* PBXContainerItemProxy */ = {
			isa = PBXContainerItemProxy;
			containerPortal = 0E3710232B577CC0000DC283 /* Project object */;
			proxyType = 1;
			remoteGlobalIDString = 0E37102A2B577CC1000DC283;
			remoteInfo = studyshesh;
		};
/* End PBXContainerItemProxy section */

/* Begin PBXFileReference section */
		0E37102B2B577CC1000DC283 /* studyshesh.app */ = {isa = PBXFileReference; explicitFileType = wrapper.application; includeInIndex = 0; path = studyshesh.app; sourceTree = BUILT_PRODUCTS_DIR; };
		0E37102E2B577CC1000DC283 /* studysheshApp.swift */ = {isa = PBXFileReference; lastKnownFileType = sourcecode.swift; path = studysheshApp.swift; sourceTree = "<group>"; };
		0E3710302B577CC1000DC283 /* MainPage.swift */ = {isa = PBXFileReference; lastKnownFileType = sourcecode.swift; path = MainPage.swift; sourceTree = "<group>"; };
		0E3710322B577CC2000DC283 /* Assets.xcassets */ = {isa = PBXFileReference; lastKnownFileType = folder.assetcatalog; path = Assets.xcassets; sourceTree = "<group>"; };
		0E3710352B577CC2000DC283 /* Preview Assets.xcassets */ = {isa = PBXFileReference; lastKnownFileType = folder.assetcatalog; path = "Preview Assets.xcassets"; sourceTree = "<group>"; };
		0E37103B2B577CC2000DC283 /* studysheshTests.xctest */ = {isa = PBXFileReference; explicitFileType = wrapper.cfbundle; includeInIndex = 0; path = studysheshTests.xctest; sourceTree = BUILT_PRODUCTS_DIR; };
		0E37103F2B577CC2000DC283 /* studysheshTests.swift */ = {isa = PBXFileReference; lastKnownFileType = sourcecode.swift; path = studysheshTests.swift; sourceTree = "<group>"; };
		0E3710452B577CC2000DC283 /* studysheshUITests.xctest */ = {isa = PBXFileReference; explicitFileType = wrapper.cfbundle; includeInIndex = 0; path = studysheshUITests.xctest; sourceTree = BUILT_PRODUCTS_DIR; };
		0E3710492B577CC2000DC283 /* studysheshUITests.swift */ = {isa = PBXFileReference; lastKnownFileType = sourcecode.swift; path = studysheshUITests.swift; sourceTree = "<group>"; };
		0E37104B2B577CC2000DC283 /* studysheshUITestsLaunchTests.swift */ = {isa = PBXFileReference; lastKnownFileType = sourcecode.swift; path = studysheshUITestsLaunchTests.swift; sourceTree = "<group>"; };
/* End PBXFileReference section */

/* Begin PBXFrameworksBuildPhase section */
		0E3710282B577CC1000DC283 /* Frameworks */ = {
			isa = PBXFrameworksBuildPhase;
			buildActionMask = 2147483647;
			files = (
			);
			runOnlyForDeploymentPostprocessing = 0;
		};
		0E3710382B577CC2000DC283 /* Frameworks */ = {
			isa = PBXFrameworksBuildPhase;
			buildActionMask = 2147483647;
			files = (
			);
			runOnlyForDeploymentPostprocessing = 0;
		};
		0E3710422B577CC2000DC283 /* Frameworks */ = {
			isa = PBXFrameworksBuildPhase;
			buildActionMask = 2147483647;
			files = (
			);
			runOnlyForDeploymentPostprocessing = 0;
		};
/* End PBXFrameworksBuildPhase section */

/* Begin PBXGroup section */
		0E3710222B577CC0000DC283 = {
			isa = PBXGroup;
			children = (
				0E37102D2B577CC1000DC283 /* studyshesh */,
				0E37103E2B577CC2000DC283 /* studysheshTests */,
				0E3710482B577CC2000DC283 /* studysheshUITests */,
				0E37102C2B577CC1000DC283 /* Products */,
			);
			sourceTree = "<group>";
		};
		0E37102C2B577CC1000DC283 /* Products */ = {
			isa = PBXGroup;
			children = (
				0E37102B2B577CC1000DC283 /* studyshesh.app */,
				0E37103B2B577CC2000DC283 /* studysheshTests.xctest */,
				0E3710452B577CC2000DC283 /* studysheshUITests.xctest */,
			);
			name = Products;
			sourceTree = "<group>";
		};
		0E37102D2B577CC1000DC283 /* studyshesh */ = {
			isa = PBXGroup;
			children = (
				0E37105A2B578B41000DC283 /* oController */,
				0E3710592B578B30000DC283 /* Model */,
				0E3710582B578AD2000DC283 /* View */,
				0E37102E2B577CC1000DC283 /* studysheshApp.swift */,
				0E3710322B577CC2000DC283 /* Assets.xcassets */,
				0E3710342B577CC2000DC283 /* Preview Content */,
			);
			path = studyshesh;
			sourceTree = "<group>";
		};
		0E3710342B577CC2000DC283 /* Preview Content */ = {
			isa = PBXGroup;
			children = (
				0E3710352B577CC2000DC283 /* Preview Assets.xcassets */,
			);
			path = "Preview Content";
			sourceTree = "<group>";
		};
		0E37103E2B577CC2000DC283 /* studysheshTests */ = {
			isa = PBXGroup;
			children = (
				0E37103F2B577CC2000DC283 /* studysheshTests.swift */,
			);
			path = studysheshTests;
			sourceTree = "<group>";
		};
		0E3710482B577CC2000DC283 /* studysheshUITests */ = {
			isa = PBXGroup;
			children = (
				0E3710492B577CC2000DC283 /* studysheshUITests.swift */,
				0E37104B2B577CC2000DC283 /* studysheshUITestsLaunchTests.swift */,
			);
			path = studysheshUITests;
			sourceTree = "<group>";
		};
		0E3710582B578AD2000DC283 /* View */ = {
			isa = PBXGroup;
			children = (
				0E3710302B577CC1000DC283 /* MainPage.swift */,
			);
			path = View;
			sourceTree = "<group>";
		};
		0E3710592B578B30000DC283 /* Model */ = {
			isa = PBXGroup;
			children = (
			);
			path = Model;
			sourceTree = "<group>";
		};
		0E37105A2B578B41000DC283 /* oController */ = {
			isa = PBXGroup;
			children = (
			);
			path = oController;
			sourceTree = "<group>";
		};
/* End PBXGroup section */

/* Begin PBXNativeTarget section */
		0E37102A2B577CC1000DC283 /* studyshesh */ = {
			isa = PBXNativeTarget;
			buildConfigurationList = 0E37104F2B577CC2000DC283 /* Build configuration list for PBXNativeTarget "studyshesh" */;
			buildPhases = (
				0E3710272B577CC1000DC283 /* Sources */,
				0E3710282B577CC1000DC283 /* Frameworks */,
				0E3710292B577CC1000DC283 /* Resources */,
			);
			buildRules = (
			);
			dependencies = (
			);
			name = studyshesh;
			productName = studyshesh;
			productReference = 0E37102B2B577CC1000DC283 /* studyshesh.app */;
			productType = "com.apple.product-type.application";
		};
		0E37103A2B577CC2000DC283 /* studysheshTests */ = {
			isa = PBXNativeTarget;
			buildConfigurationList = 0E3710522B577CC2000DC283 /* Build configuration list for PBXNativeTarget "studysheshTests" */;
			buildPhases = (
				0E3710372B577CC2000DC283 /* Sources */,
				0E3710382B577CC2000DC283 /* Frameworks */,
				0E3710392B577CC2000DC283 /* Resources */,
			);
			buildRules = (
			);
			dependencies = (
				0E37103D2B577CC2000DC283 /* PBXTargetDependency */,
			);
			name = studysheshTests;
			productName = studysheshTests;
			productReference = 0E37103B2B577CC2000DC283 /* studysheshTests.xctest */;
			productType = "com.apple.product-type.bundle.unit-test";
		};
		0E3710442B577CC2000DC283 /* studysheshUITests */ = {
			isa = PBXNativeTarget;
			buildConfigurationList = 0E3710552B577CC2000DC283 /* Build configuration list for PBXNativeTarget "studysheshUITests" */;
			buildPhases = (
				0E3710412B577CC2000DC283 /* Sources */,
				0E3710422B577CC2000DC283 /* Frameworks */,
				0E3710432B577CC2000DC283 /* Resources */,
			);
			buildRules = (
			);
			dependencies = (
				0E3710472B577CC2000DC283 /* PBXTargetDependency */,
			);
			name = studysheshUITests;
			productName = studysheshUITests;
			productReference = 0E3710452B577CC2000DC283 /* studysheshUITests.xctest */;
			productType = "com.apple.product-type.bundle.ui-testing";
		};
/* End PBXNativeTarget section */

/* Begin PBXProject section */
		0E3710232B577CC0000DC283 /* Project object */ = {
			isa = PBXProject;
			attributes = {
				BuildIndependentTargetsInParallel = 1;
				LastSwiftUpdateCheck = 1510;
				LastUpgradeCheck = 1510;
				TargetAttributes = {
					0E37102A2B577CC1000DC283 = {
						CreatedOnToolsVersion = 15.1;
					};
					0E37103A2B577CC2000DC283 = {
						CreatedOnToolsVersion = 15.1;
						TestTargetID = 0E37102A2B577CC1000DC283;
					};
					0E3710442B577CC2000DC283 = {
						CreatedOnToolsVersion = 15.1;
						TestTargetID = 0E37102A2B577CC1000DC283;
					};
				};
			};
			buildConfigurationList = 0E3710262B577CC0000DC283 /* Build configuration list for PBXProject "studyshesh" */;
			compatibilityVersion = "Xcode 14.0";
			developmentRegion = en;
			hasScannedForEncodings = 0;
			knownRegions = (
				en,
				Base,
			);
			mainGroup = 0E3710222B577CC0000DC283;
			productRefGroup = 0E37102C2B577CC1000DC283 /* Products */;
			projectDirPath = "";
			projectRoot = "";
			targets = (
				0E37102A2B577CC1000DC283 /* studyshesh */,
				0E37103A2B577CC2000DC283 /* studysheshTests */,
				0E3710442B577CC2000DC283 /* studysheshUITests */,
			);
		};
/* End PBXProject section */

/* Begin PBXResourcesBuildPhase section */
		0E3710292B577CC1000DC283 /* Resources */ = {
			isa = PBXResourcesBuildPhase;
			buildActionMask = 2147483647;
			files = (
				0E3710362B577CC2000DC283 /* Preview Assets.xcassets in Resources */,
				0E3710332B577CC2000DC283 /* Assets.xcassets in Resources */,
			);
			runOnlyForDeploymentPostprocessing = 0;
		};
		0E3710392B577CC2000DC283 /* Resources */ = {
			isa = PBXResourcesBuildPhase;
			buildActionMask = 2147483647;
			files = (
			);
			runOnlyForDeploymentPostprocessing = 0;
		};
		0E3710432B577CC2000DC283 /* Resources */ = {
			isa = PBXResourcesBuildPhase;
			buildActionMask = 2147483647;
			files = (
			);
			runOnlyForDeploymentPostprocessing = 0;
		};
/* End PBXResourcesBuildPhase section */

/* Begin PBXSourcesBuildPhase section */
		0E3710272B577CC1000DC283 /* Sources */ = {
			isa = PBXSourcesBuildPhase;
			buildActionMask = 2147483647;
			files = (
				0E3710312B577CC1000DC283 /* MainPage.swift in Sources */,
				0E37102F2B577CC1000DC283 /* studysheshApp.swift in Sources */,
			);
			runOnlyForDeploymentPostprocessing = 0;
		};
		0E3710372B577CC2000DC283 /* Sources */ = {
			isa = PBXSourcesBuildPhase;
			buildActionMask = 2147483647;
			files = (
				0E3710402B577CC2000DC283 /* studysheshTests.swift in Sources */,
			);
			runOnlyForDeploymentPostprocessing = 0;
		};
		0E3710412B577CC2000DC283 /* Sources */ = {
			isa = PBXSourcesBuildPhase;
			buildActionMask = 2147483647;
			files = (
				0E37104C2B577CC2000DC283 /* studysheshUITestsLaunchTests.swift in Sources */,
				0E37104A2B577CC2000DC283 /* studysheshUITests.swift in Sources */,
			);
			runOnlyForDeploymentPostprocessing = 0;
		};
/* End PBXSourcesBuildPhase section */

/* Begin PBXTargetDependency section */
		0E37103D2B577CC2000DC283 /* PBXTargetDependency */ = {
			isa = PBXTargetDependency;
			target = 0E37102A2B577CC1000DC283 /* studyshesh */;
			targetProxy = 0E37103C2B577CC2000DC283 /* PBXContainerItemProxy */;
		};
		0E3710472B577CC2000DC283 /* PBXTargetDependency */ = {
			isa = PBXTargetDependency;
			target = 0E37102A2B577CC1000DC283 /* studyshesh */;
			targetProxy = 0E3710462B577CC2000DC283 /* PBXContainerItemProxy */;
		};
/* End PBXTargetDependency section */

/* Begin XCBuildConfiguration section */
		0E37104D2B577CC2000DC283 /* Debug */ = {
			isa = XCBuildConfiguration;
			buildSettings = {
				ALWAYS_SEARCH_USER_PATHS = NO;
				ASSETCATALOG_COMPILER_GENERATE_SWIFT_ASSET_SYMBOL_EXTENSIONS = YES;
				CLANG_ANALYZER_NONNULL = YES;
				CLANG_ANALYZER_NUMBER_OBJECT_CONVERSION = YES_AGGRESSIVE;
				CLANG_CXX_LANGUAGE_STANDARD = "gnu++20";
				CLANG_ENABLE_MODULES = YES;
				CLANG_ENABLE_OBJC_ARC = YES;
				CLANG_ENABLE_OBJC_WEAK = YES;
				CLANG_WARN_BLOCK_CAPTURE_AUTORELEASING = YES;
				CLANG_WARN_BOOL_CONVERSION = YES;
				CLANG_WARN_COMMA = YES;
				CLANG_WARN_CONSTANT_CONVERSION = YES;
				CLANG_WARN_DEPRECATED_OBJC_IMPLEMENTATIONS = YES;
				CLANG_WARN_DIRECT_OBJC_ISA_USAGE = YES_ERROR;
				CLANG_WARN_DOCUMENTATION_COMMENTS = YES;
				CLANG_WARN_EMPTY_BODY = YES;
				CLANG_WARN_ENUM_CONVERSION = YES;
				CLANG_WARN_INFINITE_RECURSION = YES;
				CLANG_WARN_INT_CONVERSION = YES;
				CLANG_WARN_NON_LITERAL_NULL_CONVERSION = YES;
				CLANG_WARN_OBJC_IMPLICIT_RETAIN_SELF = YES;
				CLANG_WARN_OBJC_LITERAL_CONVERSION = YES;
				CLANG_WARN_OBJC_ROOT_CLASS = YES_ERROR;
				CLANG_WARN_QUOTED_INCLUDE_IN_FRAMEWORK_HEADER = YES;
				CLANG_WARN_RANGE_LOOP_ANALYSIS = YES;
				CLANG_WARN_STRICT_PROTOTYPES = YES;
				CLANG_WARN_SUSPICIOUS_MOVE = YES;
				CLANG_WARN_UNGUARDED_AVAILABILITY = YES_AGGRESSIVE;
				CLANG_WARN_UNREACHABLE_CODE = YES;
				CLANG_WARN__DUPLICATE_METHOD_MATCH = YES;
				COPY_PHASE_STRIP = NO;
				DEBUG_INFORMATION_FORMAT = dwarf;
				ENABLE_STRICT_OBJC_MSGSEND = YES;
				ENABLE_TESTABILITY = YES;
				ENABLE_USER_SCRIPT_SANDBOXING = YES;
				GCC_C_LANGUAGE_STANDARD = gnu17;
				GCC_DYNAMIC_NO_PIC = NO;
				GCC_NO_COMMON_BLOCKS = YES;
				GCC_OPTIMIZATION_LEVEL = 0;
				GCC_PREPROCESSOR_DEFINITIONS = (
					"DEBUG=1",
					"$(inherited)",
				);
				GCC_WARN_64_TO_32_BIT_CONVERSION = YES;
				GCC_WARN_ABOUT_RETURN_TYPE = YES_ERROR;
				GCC_WARN_UNDECLARED_SELECTOR = YES;
				GCC_WARN_UNINITIALIZED_AUTOS = YES_AGGRESSIVE;
				GCC_WARN_UNUSED_FUNCTION = YES;
				GCC_WARN_UNUSED_VARIABLE = YES;
				IPHONEOS_DEPLOYMENT_TARGET = 17.2;
				LOCALIZATION_PREFERS_STRING_CATALOGS = YES;
				MTL_ENABLE_DEBUG_INFO = INCLUDE_SOURCE;
				MTL_FAST_MATH = YES;
				ONLY_ACTIVE_ARCH = YES;
				SDKROOT = iphoneos;
				SWIFT_ACTIVE_COMPILATION_CONDITIONS = "DEBUG $(inherited)";
				SWIFT_OPTIMIZATION_LEVEL = "-Onone";
			};
			name = Debug;
		};
		0E37104E2B577CC2000DC283 /* Release */ = {
			isa = XCBuildConfiguration;
			buildSettings = {
				ALWAYS_SEARCH_USER_PATHS = NO;
				ASSETCATALOG_COMPILER_GENERATE_SWIFT_ASSET_SYMBOL_EXTENSIONS = YES;
				CLANG_ANALYZER_NONNULL = YES;
				CLANG_ANALYZER_NUMBER_OBJECT_CONVERSION = YES_AGGRESSIVE;
				CLANG_CXX_LANGUAGE_STANDARD = "gnu++20";
				CLANG_ENABLE_MODULES = YES;
				CLANG_ENABLE_OBJC_ARC = YES;
				CLANG_ENABLE_OBJC_WEAK = YES;
				CLANG_WARN_BLOCK_CAPTURE_AUTORELEASING = YES;
				CLANG_WARN_BOOL_CONVERSION = YES;
				CLANG_WARN_COMMA = YES;
				CLANG_WARN_CONSTANT_CONVERSION = YES;
				CLANG_WARN_DEPRECATED_OBJC_IMPLEMENTATIONS = YES;
				CLANG_WARN_DIRECT_OBJC_ISA_USAGE = YES_ERROR;
				CLANG_WARN_DOCUMENTATION_COMMENTS = YES;
				CLANG_WARN_EMPTY_BODY = YES;
				CLANG_WARN_ENUM_CONVERSION = YES;
				CLANG_WARN_INFINITE_RECURSION = YES;
				CLANG_WARN_INT_CONVERSION = YES;
				CLANG_WARN_NON_LITERAL_NULL_CONVERSION = YES;
				CLANG_WARN_OBJC_IMPLICIT_RETAIN_SELF = YES;
				CLANG_WARN_OBJC_LITERAL_CONVERSION = YES;
				CLANG_WARN_OBJC_ROOT_CLASS = YES_ERROR;
				CLANG_WARN_QUOTED_INCLUDE_IN_FRAMEWORK_HEADER = YES;
				CLANG_WARN_RANGE_LOOP_ANALYSIS = YES;
				CLANG_WARN_STRICT_PROTOTYPES = YES;
				CLANG_WARN_SUSPICIOUS_MOVE = YES;
				CLANG_WARN_UNGUARDED_AVAILABILITY = YES_AGGRESSIVE;
				CLANG_WARN_UNREACHABLE_CODE = YES;
				CLANG_WARN__DUPLICATE_METHOD_MATCH = YES;
				COPY_PHASE_STRIP = NO;
				DEBUG_INFORMATION_FORMAT = "dwarf-with-dsym";
				ENABLE_NS_ASSERTIONS = NO;
				ENABLE_STRICT_OBJC_MSGSEND = YES;
				ENABLE_USER_SCRIPT_SANDBOXING = YES;
				GCC_C_LANGUAGE_STANDARD = gnu17;
				GCC_NO_COMMON_BLOCKS = YES;
				GCC_WARN_64_TO_32_BIT_CONVERSION = YES;
				GCC_WARN_ABOUT_RETURN_TYPE = YES_ERROR;
				GCC_WARN_UNDECLARED_SELECTOR = YES;
				GCC_WARN_UNINITIALIZED_AUTOS = YES_AGGRESSIVE;
				GCC_WARN_UNUSED_FUNCTION = YES;
				GCC_WARN_UNUSED_VARIABLE = YES;
				IPHONEOS_DEPLOYMENT_TARGET = 17.2;
				LOCALIZATION_PREFERS_STRING_CATALOGS = YES;
				MTL_ENABLE_DEBUG_INFO = NO;
				MTL_FAST_MATH = YES;
				SDKROOT = iphoneos;
				SWIFT_COMPILATION_MODE = wholemodule;
				VALIDATE_PRODUCT = YES;
			};
			name = Release;
		};
		0E3710502B577CC2000DC283 /* Debug */ = {
			isa = XCBuildConfiguration;
			buildSettings = {
				ASSETCATALOG_COMPILER_APPICON_NAME = AppIcon;
				ASSETCATALOG_COMPILER_GLOBAL_ACCENT_COLOR_NAME = AccentColor;
				CODE_SIGN_STYLE = Automatic;
				CURRENT_PROJECT_VERSION = 1;
				DEVELOPMENT_ASSET_PATHS = "\"studyshesh/Preview Content\"";
				ENABLE_PREVIEWS = YES;
				GENERATE_INFOPLIST_FILE = YES;
				INFOPLIST_KEY_UIApplicationSceneManifest_Generation = YES;
				INFOPLIST_KEY_UIApplicationSupportsIndirectInputEvents = YES;
				INFOPLIST_KEY_UILaunchScreen_Generation = YES;
				INFOPLIST_KEY_UISupportedInterfaceOrientations_iPad = "UIInterfaceOrientationPortrait UIInterfaceOrientationPortraitUpsideDown UIInterfaceOrientationLandscapeLeft UIInterfaceOrientationLandscapeRight";
				INFOPLIST_KEY_UISupportedInterfaceOrientations_iPhone = "UIInterfaceOrientationPortrait UIInterfaceOrientationLandscapeLeft UIInterfaceOrientationLandscapeRight";
				LD_RUNPATH_SEARCH_PATHS = (
					"$(inherited)",
					"@executable_path/Frameworks",
				);
				MARKETING_VERSION = 1.0;
				PRODUCT_BUNDLE_IDENTIFIER = io.studyshesh.studyshesh;
				PRODUCT_NAME = "$(TARGET_NAME)";
				SWIFT_EMIT_LOC_STRINGS = YES;
				SWIFT_VERSION = 5.0;
				TARGETED_DEVICE_FAMILY = "1,2";
			};
			name = Debug;
		};
		0E3710512B577CC2000DC283 /* Release */ = {
			isa = XCBuildConfiguration;
			buildSettings = {
				ASSETCATALOG_COMPILER_APPICON_NAME = AppIcon;
				ASSETCATALOG_COMPILER_GLOBAL_ACCENT_COLOR_NAME = AccentColor;
				CODE_SIGN_STYLE = Automatic;
				CURRENT_PROJECT_VERSION = 1;
				DEVELOPMENT_ASSET_PATHS = "\"studyshesh/Preview Content\"";
				ENABLE_PREVIEWS = YES;
				GENERATE_INFOPLIST_FILE = YES;
				INFOPLIST_KEY_UIApplicationSceneManifest_Generation = YES;
				INFOPLIST_KEY_UIApplicationSupportsIndirectInputEvents = YES;
				INFOPLIST_KEY_UILaunchScreen_Generation = YES;
				INFOPLIST_KEY_UISupportedInterfaceOrientations_iPad = "UIInterfaceOrientationPortrait UIInterfaceOrientationPortraitUpsideDown UIInterfaceOrientationLandscapeLeft UIInterfaceOrientationLandscapeRight";
				INFOPLIST_KEY_UISupportedInterfaceOrientations_iPhone = "UIInterfaceOrientationPortrait UIInterfaceOrientationLandscapeLeft UIInterfaceOrientationLandscapeRight";
				LD_RUNPATH_SEARCH_PATHS = (
					"$(inherited)",
					"@executable_path/Frameworks",
				);
				MARKETING_VERSION = 1.0;
				PRODUCT_BUNDLE_IDENTIFIER = io.studyshesh.studyshesh;
				PRODUCT_NAME = "$(TARGET_NAME)";
				SWIFT_EMIT_LOC_STRINGS = YES;
				SWIFT_VERSION = 5.0;
				TARGETED_DEVICE_FAMILY = "1,2";
			};
			name = Release;
		};
		0E3710532B577CC2000DC283 /* Debug */ = {
			isa = XCBuildConfiguration;
			buildSettings = {
				ALWAYS_EMBED_SWIFT_STANDARD_LIBRARIES = YES;
				BUNDLE_LOADER = "$(TEST_HOST)";
				CODE_SIGN_STYLE = Automatic;
				CURRENT_PROJECT_VERSION = 1;
				GENERATE_INFOPLIST_FILE = YES;
				IPHONEOS_DEPLOYMENT_TARGET = 17.2;
				MARKETING_VERSION = 1.0;
				PRODUCT_BUNDLE_IDENTIFIER = io.studyshesh.studysheshTests;
				PRODUCT_NAME = "$(TARGET_NAME)";
				SWIFT_EMIT_LOC_STRINGS = NO;
				SWIFT_VERSION = 5.0;
				TARGETED_DEVICE_FAMILY = "1,2";
				TEST_HOST = "$(BUILT_PRODUCTS_DIR)/studyshesh.app/$(BUNDLE_EXECUTABLE_FOLDER_PATH)/studyshesh";
			};
			name = Debug;
		};
		0E3710542B577CC2000DC283 /* Release */ = {
			isa = XCBuildConfiguration;
			buildSettings = {
				ALWAYS_EMBED_SWIFT_STANDARD_LIBRARIES = YES;
				BUNDLE_LOADER = "$(TEST_HOST)";
				CODE_SIGN_STYLE = Automatic;
				CURRENT_PROJECT_VERSION = 1;
				GENERATE_INFOPLIST_FILE = YES;
				IPHONEOS_DEPLOYMENT_TARGET = 17.2;
				MARKETING_VERSION = 1.0;
				PRODUCT_BUNDLE_IDENTIFIER = io.studyshesh.studysheshTests;
				PRODUCT_NAME = "$(TARGET_NAME)";
				SWIFT_EMIT_LOC_STRINGS = NO;
				SWIFT_VERSION = 5.0;
				TARGETED_DEVICE_FAMILY = "1,2";
				TEST_HOST = "$(BUILT_PRODUCTS_DIR)/studyshesh.app/$(BUNDLE_EXECUTABLE_FOLDER_PATH)/studyshesh";
			};
			name = Release;
		};
		0E3710562B577CC2000DC283 /* Debug */ = {
			isa = XCBuildConfiguration;
			buildSettings = {
				ALWAYS_EMBED_SWIFT_STANDARD_LIBRARIES = YES;
				CODE_SIGN_STYLE = Automatic;
				CURRENT_PROJECT_VERSION = 1;
				GENERATE_INFOPLIST_FILE = YES;
				MARKETING_VERSION = 1.0;
				PRODUCT_BUNDLE_IDENTIFIER = io.studyshesh.studysheshUITests;
				PRODUCT_NAME = "$(TARGET_NAME)";
				SWIFT_EMIT_LOC_STRINGS = NO;
				SWIFT_VERSION = 5.0;
				TARGETED_DEVICE_FAMILY = "1,2";
				TEST_TARGET_NAME = studyshesh;
			};
			name = Debug;
		};
		0E3710572B577CC2000DC283 /* Release */ = {
			isa = XCBuildConfiguration;
			buildSettings = {
				ALWAYS_EMBED_SWIFT_STANDARD_LIBRARIES = YES;
				CODE_SIGN_STYLE = Automatic;
				CURRENT_PROJECT_VERSION = 1;
				GENERATE_INFOPLIST_FILE = YES;
				MARKETING_VERSION = 1.0;
				PRODUCT_BUNDLE_IDENTIFIER = io.studyshesh.studysheshUITests;
				PRODUCT_NAME = "$(TARGET_NAME)";
				SWIFT_EMIT_LOC_STRINGS = NO;
				SWIFT_VERSION = 5.0;
				TARGETED_DEVICE_FAMILY = "1,2";
				TEST_TARGET_NAME = studyshesh;
			};
			name = Release;
		};
/* End XCBuildConfiguration section */

/* Begin XCConfigurationList section */
		0E3710262B577CC0000DC283 /* Build configuration list for PBXProject "studyshesh" */ = {
			isa = XCConfigurationList;
			buildConfigurations = (
				0E37104D2B577CC2000DC283 /* Debug */,
				0E37104E2B577CC2000DC283 /* Release */,
			);
			defaultConfigurationIsVisible = 0;
			defaultConfigurationName = Release;
		};
		0E37104F2B577CC2000DC283 /* Build configuration list for PBXNativeTarget "studyshesh" */ = {
			isa = XCConfigurationList;
			buildConfigurations = (
				0E3710502B577CC2000DC283 /* Debug */,
				0E3710512B577CC2000DC283 /* Release */,
			);
			defaultConfigurationIsVisible = 0;
			defaultConfigurationName = Release;
		};
		0E3710522B577CC2000DC283 /* Build configuration list for PBXNativeTarget "studysheshTests" */ = {
			isa = XCConfigurationList;
			buildConfigurations = (
				0E3710532B577CC2000DC283 /* Debug */,
				0E3710542B577CC2000DC283 /* Release */,
			);
			defaultConfigurationIsVisible = 0;
			defaultConfigurationName = Release;
		};
		0E3710552B577CC2000DC283 /* Build configuration list for PBXNativeTarget "studysheshUITests" */ = {
			isa = XCConfigurationList;
			buildConfigurations = (
				0E3710562B577CC2000DC283 /* Debug */,
				0E3710572B577CC2000DC283 /* Release */,
			);
			defaultConfigurationIsVisible = 0;
			defaultConfigurationName = Release;
		};
/* End XCConfigurationList section */
	};
	rootObject = 0E3710232B577CC0000DC283 /* Project object */;
}
